
Microsoft Visual Studio Solution File, Format Version 11.00
# Visual Studio 2010
Project("{FAE04EC0-301F-11D3-BF4B-00C04F79EFBC}") = "nuget-commands-1.4", "nuget-commands-1.4\nuget-commands-1.4.csproj", "{8FA969EA-85C0-464E-9745-66B9820121A9}"
EndProject
Project("{FAE04EC0-301F-11D3-BF4B-00C04F79EFBC}") = "nuget-runner", "nuget-runner\nuget-runner.csproj", "{B79E58CB-F8FD-4CD6-8B62-10EBA0DF592B}"
EndProject
Project("{FAE04EC0-301F-11D3-BF4B-00C04F79EFBC}") = "nuget-tests", "nuget-tests\nuget-tests.csproj", "{6D862627-466B-4CD1-82DE-E57B7B976EB6}"
	ProjectSection(ProjectDependencies) = postProject
		{B79E58CB-F8FD-4CD6-8B62-10EBA0DF592B} = {B79E58CB-F8FD-4CD6-8B62-10EBA0DF592B}
		{8FA969EA-85C0-464E-9745-66B9820121A9} = {8FA969EA-85C0-464E-9745-66B9820121A9}
	EndProjectSection
EndProject
Project("{FAE04EC0-301F-11D3-BF4B-00C04F79EFBC}") = "nuget-commands-tests", "nuget-commands-tests\nuget-commands-tests.csproj", "{FE16A93E-9015-4077-9179-F593E53F20EE}"
EndProject
Project("{FAE04EC0-301F-11D3-BF4B-00C04F79EFBC}") = "nuget-commands-2.0", "nuget-commands-2.0\nuget-commands-2.0.csproj", "{A1BABC58-91BC-46F6-B45F-604D8DAA0327}"
EndProject
Global
	GlobalSection(SolutionConfigurationPlatforms) = preSolution
		Debug|Any CPU = Debug|Any CPU
		Debug|Mixed Platforms = Debug|Mixed Platforms
		Debug|x86 = Debug|x86
		Release|Any CPU = Release|Any CPU
		Release|Mixed Platforms = Release|Mixed Platforms
		Release|x86 = Release|x86
	EndGlobalSection
	GlobalSection(ProjectConfigurationPlatforms) = postSolution
		{8FA969EA-85C0-464E-9745-66B9820121A9}.Debug|Any CPU.ActiveCfg = Debug|Any CPU
		{8FA969EA-85C0-464E-9745-66B9820121A9}.Debug|Any CPU.Build.0 = Debug|Any CPU
		{8FA969EA-85C0-464E-9745-66B9820121A9}.Debug|Mixed Platforms.ActiveCfg = Debug|Any CPU
		{8FA969EA-85C0-464E-9745-66B9820121A9}.Debug|Mixed Platforms.Build.0 = Debug|Any CPU
		{8FA969EA-85C0-464E-9745-66B9820121A9}.Debug|x86.ActiveCfg = Debug|Any CPU
		{8FA969EA-85C0-464E-9745-66B9820121A9}.Release|Any CPU.ActiveCfg = Release|Any CPU
		{8FA969EA-85C0-464E-9745-66B9820121A9}.Release|Any CPU.Build.0 = Release|Any CPU
		{8FA969EA-85C0-464E-9745-66B9820121A9}.Release|Mixed Platforms.ActiveCfg = Release|Any CPU
		{8FA969EA-85C0-464E-9745-66B9820121A9}.Release|Mixed Platforms.Build.0 = Release|Any CPU
		{8FA969EA-85C0-464E-9745-66B9820121A9}.Release|x86.ActiveCfg = Release|Any CPU
		{B79E58CB-F8FD-4CD6-8B62-10EBA0DF592B}.Debug|Any CPU.ActiveCfg = Debug|x86
		{B79E58CB-F8FD-4CD6-8B62-10EBA0DF592B}.Debug|Mixed Platforms.ActiveCfg = Debug|x86
		{B79E58CB-F8FD-4CD6-8B62-10EBA0DF592B}.Debug|Mixed Platforms.Build.0 = Debug|x86
		{B79E58CB-F8FD-4CD6-8B62-10EBA0DF592B}.Debug|x86.ActiveCfg = Debug|x86
		{B79E58CB-F8FD-4CD6-8B62-10EBA0DF592B}.Debug|x86.Build.0 = Debug|x86
		{B79E58CB-F8FD-4CD6-8B62-10EBA0DF592B}.Release|Any CPU.ActiveCfg = Release|x86
		{B79E58CB-F8FD-4CD6-8B62-10EBA0DF592B}.Release|Mixed Platforms.ActiveCfg = Release|x86
		{B79E58CB-F8FD-4CD6-8B62-10EBA0DF592B}.Release|Mixed Platforms.Build.0 = Release|x86
		{B79E58CB-F8FD-4CD6-8B62-10EBA0DF592B}.Release|x86.ActiveCfg = Release|x86
		{B79E58CB-F8FD-4CD6-8B62-10EBA0DF592B}.Release|x86.Build.0 = Release|x86
		{6D862627-466B-4CD1-82DE-E57B7B976EB6}.Debug|Any CPU.ActiveCfg = Debug|Any CPU
		{6D862627-466B-4CD1-82DE-E57B7B976EB6}.Debug|Any CPU.Build.0 = Debug|Any CPU
		{6D862627-466B-4CD1-82DE-E57B7B976EB6}.Debug|Mixed Platforms.ActiveCfg = Debug|Any CPU
		{6D862627-466B-4CD1-82DE-E57B7B976EB6}.Debug|Mixed Platforms.Build.0 = Debug|Any CPU
		{6D862627-466B-4CD1-82DE-E57B7B976EB6}.Debug|x86.ActiveCfg = Debug|Any CPU
		{6D862627-466B-4CD1-82DE-E57B7B976EB6}.Release|Any CPU.ActiveCfg = Release|Any CPU
		{6D862627-466B-4CD1-82DE-E57B7B976EB6}.Release|Any CPU.Build.0 = Release|Any CPU
		{6D862627-466B-4CD1-82DE-E57B7B976EB6}.Release|Mixed Platforms.ActiveCfg = Release|Any CPU
		{6D862627-466B-4CD1-82DE-E57B7B976EB6}.Release|Mixed Platforms.Build.0 = Release|Any CPU
		{6D862627-466B-4CD1-82DE-E57B7B976EB6}.Release|x86.ActiveCfg = Release|Any CPU
		{FE16A93E-9015-4077-9179-F593E53F20EE}.Debug|Any CPU.ActiveCfg = Debug|Any CPU
		{FE16A93E-9015-4077-9179-F593E53F20EE}.Debug|Any CPU.Build.0 = Debug|Any CPU
		{FE16A93E-9015-4077-9179-F593E53F20EE}.Debug|Mixed Platforms.ActiveCfg = Debug|Any CPU
		{FE16A93E-9015-4077-9179-F593E53F20EE}.Debug|Mixed Platforms.Build.0 = Debug|Any CPU
		{FE16A93E-9015-4077-9179-F593E53F20EE}.Debug|x86.ActiveCfg = Debug|Any CPU
		{FE16A93E-9015-4077-9179-F593E53F20EE}.Release|Any CPU.ActiveCfg = Release|Any CPU
		{FE16A93E-9015-4077-9179-F593E53F20EE}.Release|Any CPU.Build.0 = Release|Any CPU
		{FE16A93E-9015-4077-9179-F593E53F20EE}.Release|Mixed Platforms.ActiveCfg = Release|Any CPU
		{FE16A93E-9015-4077-9179-F593E53F20EE}.Release|Mixed Platforms.Build.0 = Release|Any CPU
		{FE16A93E-9015-4077-9179-F593E53F20EE}.Release|x86.ActiveCfg = Release|Any CPU
		{A1BABC58-91BC-46F6-B45F-604D8DAA0327}.Debug|Any CPU.ActiveCfg = Debug|Any CPU
		{A1BABC58-91BC-46F6-B45F-604D8DAA0327}.Debug|Any CPU.Build.0 = Debug|Any CPU
		{A1BABC58-91BC-46F6-B45F-604D8DAA0327}.Debug|Mixed Platforms.ActiveCfg = Debug|Any CPU
		{A1BABC58-91BC-46F6-B45F-604D8DAA0327}.Debug|Mixed Platforms.Build.0 = Debug|Any CPU
		{A1BABC58-91BC-46F6-B45F-604D8DAA0327}.Debug|x86.ActiveCfg = Debug|Any CPU
		{A1BABC58-91BC-46F6-B45F-604D8DAA0327}.Release|Any CPU.ActiveCfg = Release|Any CPU
		{A1BABC58-91BC-46F6-B45F-604D8DAA0327}.Release|Any CPU.Build.0 = Release|Any CPU
		{A1BABC58-91BC-46F6-B45F-604D8DAA0327}.Release|Mixed Platforms.ActiveCfg = Release|Any CPU
		{A1BABC58-91BC-46F6-B45F-604D8DAA0327}.Release|Mixed Platforms.Build.0 = Release|Any CPU
		{A1BABC58-91BC-46F6-B45F-604D8DAA0327}.Release|x86.ActiveCfg = Release|Any CPU
	EndGlobalSection
	GlobalSection(SolutionProperties) = preSolution
		HideSolutionNode = FALSE
	EndGlobalSection
EndGlobal
