
Microsoft Visual Studio Solution File, Format Version 12.00
# Visual Studio 2013
VisualStudioVersion = 12.0.40629.0
MinimumVisualStudioVersion = 10.0.40219.1
Project("{FAE04EC0-301F-11D3-BF4B-00C04F79EFBC}") = "nuget-commands-1.4", "nuget-commands-1.4\nuget-commands-1.4.csproj", "{8FA969EA-85C0-464E-9745-66B9820121A9}"
EndProject
Project("{FAE04EC0-301F-11D3-BF4B-00C04F79EFBC}") = "nuget-runner", "nuget-runner\nuget-runner.csproj", "{B79E58CB-F8FD-4CD6-8B62-10EBA0DF592B}"
EndProject
Project("{FAE04EC0-301F-11D3-BF4B-00C04F79EFBC}") = "nuget-tests", "nuget-tests\nuget-tests.csproj", "{6D862627-466B-4CD1-82DE-E57B7B976EB6}"
	ProjectSection(ProjectDependencies) = postProject
		{A1BABC58-91BC-46F6-B45F-604D8DAA0327} = {A1BABC58-91BC-46F6-B45F-604D8DAA0327}
		{B79E58CB-F8FD-4CD6-8B62-10EBA0DF592B} = {B79E58CB-F8FD-4CD6-8B62-10EBA0DF592B}
		{8FA969EA-85C0-464E-9745-66B9820121A9} = {8FA969EA-85C0-464E-9745-66B9820121A9}
	EndProjectSection
EndProject
Project("{FAE04EC0-301F-11D3-BF4B-00C04F79EFBC}") = "nuget-commands-2.0", "nuget-commands-2.0\nuget-commands-2.0.csproj", "{A1BABC58-91BC-46F6-B45F-604D8DAA0327}"
EndProject
Project("{FAE04EC0-301F-11D3-BF4B-00C04F79EFBC}") = "nuget-commands-tests-1.4", "nuget-commands-tests-1.4\nuget-commands-tests-1.4.csproj", "{32CD2273-5D23-4356-AA00-4D4FF7CB9AA3}"
EndProject
Project("{FAE04EC0-301F-11D3-BF4B-00C04F79EFBC}") = "nuget-commands-tests-2.0", "nuget-commands-tests-2.0\nuget-commands-tests-2.0.csproj", "{7075A746-ACF4-4DD6-A2D8-D3C87C8372BE}"
EndProject
Project("{FAE04EC0-301F-11D3-BF4B-00C04F79EFBC}") = "nuget-commands-2.5", "nuget-commands-2.5\nuget-commands-2.5.csproj", "{0374957A-DD74-4662-9F67-927CE687E25A}"
EndProject
Project("{FAE04EC0-301F-11D3-BF4B-00C04F79EFBC}") = "nuget-commands-tests-2.5", "nuget-commands-tests-2.5\nuget-commands-tests-2.5.csproj", "{9CC26FD2-F846-4894-98B3-81EEEF0C516D}"
EndProject
Project("{FAE04EC0-301F-11D3-BF4B-00C04F79EFBC}") = "nuget-commands-2.8", "nuget-commands-2.8\nuget-commands-2.8.csproj", "{CCB125CA-D44A-478D-9177-A64BBB84FA79}"
EndProject
Project("{FAE04EC0-301F-11D3-BF4B-00C04F79EFBC}") = "nuget-commands-tests-2.8", "nuget-commands-tests-2.8\nuget-commands-tests-2.8.csproj", "{38C50C5D-6EB9-4CBF-88A1-150F4CCCAB78}"
EndProject
Project("{FAE04EC0-301F-11D3-BF4B-00C04F79EFBC}") = "nuget-commands-3.2", "nuget-commands-3.2\nuget-commands-3.2.csproj", "{B9249A11-BB64-46E0-A6F8-50D42817A71D}"
EndProject
Project("{FAE04EC0-301F-11D3-BF4B-00C04F79EFBC}") = "nuget-commands-tests-3.2", "nuget-commands-tests-3.2\nuget-commands-tests-3.2.csproj", "{B4939425-38AE-43E2-92AA-1227DA19F5F3}"
EndProject
Project("{FAE04EC0-301F-11D3-BF4B-00C04F79EFBC}") = "nuget-commands-3.3", "nuget-commands-3.3\nuget-commands-3.3.csproj", "{1FA7BE25-CC5B-4BA8-81D2-472E3617A1AD}"
EndProject
Project("{FAE04EC0-301F-11D3-BF4B-00C04F79EFBC}") = "nuget-credential-provider", "credential-provider\nuget-credential-provider.csproj", "{F2FD4F35-FE93-4573-9D6F-468DC8FA76CE}"
EndProject
Global
	GlobalSection(SolutionConfigurationPlatforms) = preSolution
		Debug|Any CPU = Debug|Any CPU
		Debug|Mixed Platforms = Debug|Mixed Platforms
		Debug|x86 = Debug|x86
		Release|Any CPU = Release|Any CPU
		Release|Mixed Platforms = Release|Mixed Platforms
		Release|x86 = Release|x86
	EndGlobalSection
	GlobalSection(ProjectConfigurationPlatforms) = postSolution
		{8FA969EA-85C0-464E-9745-66B9820121A9}.Debug|Any CPU.ActiveCfg = Debug|Any CPU
		{8FA969EA-85C0-464E-9745-66B9820121A9}.Debug|Any CPU.Build.0 = Debug|Any CPU
		{8FA969EA-85C0-464E-9745-66B9820121A9}.Debug|Mixed Platforms.ActiveCfg = Debug|Any CPU
		{8FA969EA-85C0-464E-9745-66B9820121A9}.Debug|Mixed Platforms.Build.0 = Debug|Any CPU
		{8FA969EA-85C0-464E-9745-66B9820121A9}.Debug|x86.ActiveCfg = Debug|Any CPU
		{8FA969EA-85C0-464E-9745-66B9820121A9}.Release|Any CPU.ActiveCfg = Release|Any CPU
		{8FA969EA-85C0-464E-9745-66B9820121A9}.Release|Any CPU.Build.0 = Release|Any CPU
		{8FA969EA-85C0-464E-9745-66B9820121A9}.Release|Mixed Platforms.ActiveCfg = Release|Any CPU
		{8FA969EA-85C0-464E-9745-66B9820121A9}.Release|Mixed Platforms.Build.0 = Release|Any CPU
		{8FA969EA-85C0-464E-9745-66B9820121A9}.Release|x86.ActiveCfg = Release|Any CPU
		{B79E58CB-F8FD-4CD6-8B62-10EBA0DF592B}.Debug|Any CPU.ActiveCfg = Debug|x86
		{B79E58CB-F8FD-4CD6-8B62-10EBA0DF592B}.Debug|Mixed Platforms.ActiveCfg = Debug|x86
		{B79E58CB-F8FD-4CD6-8B62-10EBA0DF592B}.Debug|Mixed Platforms.Build.0 = Debug|x86
		{B79E58CB-F8FD-4CD6-8B62-10EBA0DF592B}.Debug|x86.ActiveCfg = Debug|x86
		{B79E58CB-F8FD-4CD6-8B62-10EBA0DF592B}.Debug|x86.Build.0 = Debug|x86
		{B79E58CB-F8FD-4CD6-8B62-10EBA0DF592B}.Release|Any CPU.ActiveCfg = Release|x86
		{B79E58CB-F8FD-4CD6-8B62-10EBA0DF592B}.Release|Mixed Platforms.ActiveCfg = Release|x86
		{B79E58CB-F8FD-4CD6-8B62-10EBA0DF592B}.Release|Mixed Platforms.Build.0 = Release|x86
		{B79E58CB-F8FD-4CD6-8B62-10EBA0DF592B}.Release|x86.ActiveCfg = Release|x86
		{B79E58CB-F8FD-4CD6-8B62-10EBA0DF592B}.Release|x86.Build.0 = Release|x86
		{6D862627-466B-4CD1-82DE-E57B7B976EB6}.Debug|Any CPU.ActiveCfg = Debug|Any CPU
		{6D862627-466B-4CD1-82DE-E57B7B976EB6}.Debug|Any CPU.Build.0 = Debug|Any CPU
		{6D862627-466B-4CD1-82DE-E57B7B976EB6}.Debug|Mixed Platforms.ActiveCfg = Debug|Any CPU
		{6D862627-466B-4CD1-82DE-E57B7B976EB6}.Debug|Mixed Platforms.Build.0 = Debug|Any CPU
		{6D862627-466B-4CD1-82DE-E57B7B976EB6}.Debug|x86.ActiveCfg = Debug|Any CPU
		{6D862627-466B-4CD1-82DE-E57B7B976EB6}.Release|Any CPU.ActiveCfg = Release|Any CPU
		{6D862627-466B-4CD1-82DE-E57B7B976EB6}.Release|Any CPU.Build.0 = Release|Any CPU
		{6D862627-466B-4CD1-82DE-E57B7B976EB6}.Release|Mixed Platforms.ActiveCfg = Release|Any CPU
		{6D862627-466B-4CD1-82DE-E57B7B976EB6}.Release|Mixed Platforms.Build.0 = Release|Any CPU
		{6D862627-466B-4CD1-82DE-E57B7B976EB6}.Release|x86.ActiveCfg = Release|Any CPU
		{A1BABC58-91BC-46F6-B45F-604D8DAA0327}.Debug|Any CPU.ActiveCfg = Debug|Any CPU
		{A1BABC58-91BC-46F6-B45F-604D8DAA0327}.Debug|Any CPU.Build.0 = Debug|Any CPU
		{A1BABC58-91BC-46F6-B45F-604D8DAA0327}.Debug|Mixed Platforms.ActiveCfg = Debug|Any CPU
		{A1BABC58-91BC-46F6-B45F-604D8DAA0327}.Debug|Mixed Platforms.Build.0 = Debug|Any CPU
		{A1BABC58-91BC-46F6-B45F-604D8DAA0327}.Debug|x86.ActiveCfg = Debug|Any CPU
		{A1BABC58-91BC-46F6-B45F-604D8DAA0327}.Release|Any CPU.ActiveCfg = Release|Any CPU
		{A1BABC58-91BC-46F6-B45F-604D8DAA0327}.Release|Any CPU.Build.0 = Release|Any CPU
		{A1BABC58-91BC-46F6-B45F-604D8DAA0327}.Release|Mixed Platforms.ActiveCfg = Release|Any CPU
		{A1BABC58-91BC-46F6-B45F-604D8DAA0327}.Release|Mixed Platforms.Build.0 = Release|Any CPU
		{A1BABC58-91BC-46F6-B45F-604D8DAA0327}.Release|x86.ActiveCfg = Release|Any CPU
		{32CD2273-5D23-4356-AA00-4D4FF7CB9AA3}.Debug|Any CPU.ActiveCfg = Debug|Any CPU
		{32CD2273-5D23-4356-AA00-4D4FF7CB9AA3}.Debug|Any CPU.Build.0 = Debug|Any CPU
		{32CD2273-5D23-4356-AA00-4D4FF7CB9AA3}.Debug|Mixed Platforms.ActiveCfg = Debug|Any CPU
		{32CD2273-5D23-4356-AA00-4D4FF7CB9AA3}.Debug|Mixed Platforms.Build.0 = Debug|Any CPU
		{32CD2273-5D23-4356-AA00-4D4FF7CB9AA3}.Debug|x86.ActiveCfg = Debug|Any CPU
		{32CD2273-5D23-4356-AA00-4D4FF7CB9AA3}.Release|Any CPU.ActiveCfg = Release|Any CPU
		{32CD2273-5D23-4356-AA00-4D4FF7CB9AA3}.Release|Any CPU.Build.0 = Release|Any CPU
		{32CD2273-5D23-4356-AA00-4D4FF7CB9AA3}.Release|Mixed Platforms.ActiveCfg = Release|Any CPU
		{32CD2273-5D23-4356-AA00-4D4FF7CB9AA3}.Release|Mixed Platforms.Build.0 = Release|Any CPU
		{32CD2273-5D23-4356-AA00-4D4FF7CB9AA3}.Release|x86.ActiveCfg = Release|Any CPU
		{7075A746-ACF4-4DD6-A2D8-D3C87C8372BE}.Debug|Any CPU.ActiveCfg = Debug|Any CPU
		{7075A746-ACF4-4DD6-A2D8-D3C87C8372BE}.Debug|Any CPU.Build.0 = Debug|Any CPU
		{7075A746-ACF4-4DD6-A2D8-D3C87C8372BE}.Debug|Mixed Platforms.ActiveCfg = Debug|Any CPU
		{7075A746-ACF4-4DD6-A2D8-D3C87C8372BE}.Debug|Mixed Platforms.Build.0 = Debug|Any CPU
		{7075A746-ACF4-4DD6-A2D8-D3C87C8372BE}.Debug|x86.ActiveCfg = Debug|Any CPU
		{7075A746-ACF4-4DD6-A2D8-D3C87C8372BE}.Release|Any CPU.ActiveCfg = Release|Any CPU
		{7075A746-ACF4-4DD6-A2D8-D3C87C8372BE}.Release|Any CPU.Build.0 = Release|Any CPU
		{7075A746-ACF4-4DD6-A2D8-D3C87C8372BE}.Release|Mixed Platforms.ActiveCfg = Release|Any CPU
		{7075A746-ACF4-4DD6-A2D8-D3C87C8372BE}.Release|Mixed Platforms.Build.0 = Release|Any CPU
		{7075A746-ACF4-4DD6-A2D8-D3C87C8372BE}.Release|x86.ActiveCfg = Release|Any CPU
		{0374957A-DD74-4662-9F67-927CE687E25A}.Debug|Any CPU.ActiveCfg = Debug|Any CPU
		{0374957A-DD74-4662-9F67-927CE687E25A}.Debug|Any CPU.Build.0 = Debug|Any CPU
		{0374957A-DD74-4662-9F67-927CE687E25A}.Debug|Mixed Platforms.ActiveCfg = Debug|Any CPU
		{0374957A-DD74-4662-9F67-927CE687E25A}.Debug|Mixed Platforms.Build.0 = Debug|Any CPU
		{0374957A-DD74-4662-9F67-927CE687E25A}.Debug|x86.ActiveCfg = Debug|Any CPU
		{0374957A-DD74-4662-9F67-927CE687E25A}.Release|Any CPU.ActiveCfg = Release|Any CPU
		{0374957A-DD74-4662-9F67-927CE687E25A}.Release|Any CPU.Build.0 = Release|Any CPU
		{0374957A-DD74-4662-9F67-927CE687E25A}.Release|Mixed Platforms.ActiveCfg = Release|Any CPU
		{0374957A-DD74-4662-9F67-927CE687E25A}.Release|Mixed Platforms.Build.0 = Release|Any CPU
		{0374957A-DD74-4662-9F67-927CE687E25A}.Release|x86.ActiveCfg = Release|Any CPU
		{9CC26FD2-F846-4894-98B3-81EEEF0C516D}.Debug|Any CPU.ActiveCfg = Debug|Any CPU
		{9CC26FD2-F846-4894-98B3-81EEEF0C516D}.Debug|Any CPU.Build.0 = Debug|Any CPU
		{9CC26FD2-F846-4894-98B3-81EEEF0C516D}.Debug|Mixed Platforms.ActiveCfg = Debug|Any CPU
		{9CC26FD2-F846-4894-98B3-81EEEF0C516D}.Debug|Mixed Platforms.Build.0 = Debug|Any CPU
		{9CC26FD2-F846-4894-98B3-81EEEF0C516D}.Debug|x86.ActiveCfg = Debug|Any CPU
		{9CC26FD2-F846-4894-98B3-81EEEF0C516D}.Release|Any CPU.ActiveCfg = Release|Any CPU
		{9CC26FD2-F846-4894-98B3-81EEEF0C516D}.Release|Any CPU.Build.0 = Release|Any CPU
		{9CC26FD2-F846-4894-98B3-81EEEF0C516D}.Release|Mixed Platforms.ActiveCfg = Release|Any CPU
		{9CC26FD2-F846-4894-98B3-81EEEF0C516D}.Release|Mixed Platforms.Build.0 = Release|Any CPU
		{9CC26FD2-F846-4894-98B3-81EEEF0C516D}.Release|x86.ActiveCfg = Release|Any CPU
		{CCB125CA-D44A-478D-9177-A64BBB84FA79}.Debug|Any CPU.ActiveCfg = Debug|Any CPU
		{CCB125CA-D44A-478D-9177-A64BBB84FA79}.Debug|Any CPU.Build.0 = Debug|Any CPU
		{CCB125CA-D44A-478D-9177-A64BBB84FA79}.Debug|Mixed Platforms.ActiveCfg = Debug|Any CPU
		{CCB125CA-D44A-478D-9177-A64BBB84FA79}.Debug|Mixed Platforms.Build.0 = Debug|Any CPU
		{CCB125CA-D44A-478D-9177-A64BBB84FA79}.Debug|x86.ActiveCfg = Debug|Any CPU
		{CCB125CA-D44A-478D-9177-A64BBB84FA79}.Release|Any CPU.ActiveCfg = Release|Any CPU
		{CCB125CA-D44A-478D-9177-A64BBB84FA79}.Release|Any CPU.Build.0 = Release|Any CPU
		{CCB125CA-D44A-478D-9177-A64BBB84FA79}.Release|Mixed Platforms.ActiveCfg = Release|Any CPU
		{CCB125CA-D44A-478D-9177-A64BBB84FA79}.Release|Mixed Platforms.Build.0 = Release|Any CPU
		{CCB125CA-D44A-478D-9177-A64BBB84FA79}.Release|x86.ActiveCfg = Release|Any CPU
		{38C50C5D-6EB9-4CBF-88A1-150F4CCCAB78}.Debug|Any CPU.ActiveCfg = Debug|Any CPU
		{38C50C5D-6EB9-4CBF-88A1-150F4CCCAB78}.Debug|Any CPU.Build.0 = Debug|Any CPU
		{38C50C5D-6EB9-4CBF-88A1-150F4CCCAB78}.Debug|Mixed Platforms.ActiveCfg = Debug|Any CPU
		{38C50C5D-6EB9-4CBF-88A1-150F4CCCAB78}.Debug|Mixed Platforms.Build.0 = Debug|Any CPU
		{38C50C5D-6EB9-4CBF-88A1-150F4CCCAB78}.Debug|x86.ActiveCfg = Debug|Any CPU
		{38C50C5D-6EB9-4CBF-88A1-150F4CCCAB78}.Release|Any CPU.ActiveCfg = Release|Any CPU
		{38C50C5D-6EB9-4CBF-88A1-150F4CCCAB78}.Release|Any CPU.Build.0 = Release|Any CPU
		{38C50C5D-6EB9-4CBF-88A1-150F4CCCAB78}.Release|Mixed Platforms.ActiveCfg = Release|Any CPU
		{38C50C5D-6EB9-4CBF-88A1-150F4CCCAB78}.Release|Mixed Platforms.Build.0 = Release|Any CPU
		{38C50C5D-6EB9-4CBF-88A1-150F4CCCAB78}.Release|x86.ActiveCfg = Release|Any CPU
		{B9249A11-BB64-46E0-A6F8-50D42817A71D}.Debug|Any CPU.ActiveCfg = Debug|Any CPU
		{B9249A11-BB64-46E0-A6F8-50D42817A71D}.Debug|Any CPU.Build.0 = Debug|Any CPU
		{B9249A11-BB64-46E0-A6F8-50D42817A71D}.Debug|Mixed Platforms.ActiveCfg = Debug|Any CPU
		{B9249A11-BB64-46E0-A6F8-50D42817A71D}.Debug|Mixed Platforms.Build.0 = Debug|Any CPU
		{B9249A11-BB64-46E0-A6F8-50D42817A71D}.Debug|x86.ActiveCfg = Debug|Any CPU
		{B9249A11-BB64-46E0-A6F8-50D42817A71D}.Debug|x86.Build.0 = Debug|Any CPU
		{B9249A11-BB64-46E0-A6F8-50D42817A71D}.Release|Any CPU.ActiveCfg = Release|Any CPU
		{B9249A11-BB64-46E0-A6F8-50D42817A71D}.Release|Any CPU.Build.0 = Release|Any CPU
		{B9249A11-BB64-46E0-A6F8-50D42817A71D}.Release|Mixed Platforms.ActiveCfg = Release|Any CPU
		{B9249A11-BB64-46E0-A6F8-50D42817A71D}.Release|Mixed Platforms.Build.0 = Release|Any CPU
		{B9249A11-BB64-46E0-A6F8-50D42817A71D}.Release|x86.ActiveCfg = Release|Any CPU
		{B9249A11-BB64-46E0-A6F8-50D42817A71D}.Release|x86.Build.0 = Release|Any CPU
		{B4939425-38AE-43E2-92AA-1227DA19F5F3}.Debug|Any CPU.ActiveCfg = Debug|Any CPU
		{B4939425-38AE-43E2-92AA-1227DA19F5F3}.Debug|Any CPU.Build.0 = Debug|Any CPU
		{B4939425-38AE-43E2-92AA-1227DA19F5F3}.Debug|Mixed Platforms.ActiveCfg = Debug|Any CPU
		{B4939425-38AE-43E2-92AA-1227DA19F5F3}.Debug|Mixed Platforms.Build.0 = Debug|Any CPU
		{B4939425-38AE-43E2-92AA-1227DA19F5F3}.Debug|x86.ActiveCfg = Debug|Any CPU
		{B4939425-38AE-43E2-92AA-1227DA19F5F3}.Debug|x86.Build.0 = Debug|Any CPU
		{B4939425-38AE-43E2-92AA-1227DA19F5F3}.Release|Any CPU.ActiveCfg = Release|Any CPU
		{B4939425-38AE-43E2-92AA-1227DA19F5F3}.Release|Any CPU.Build.0 = Release|Any CPU
		{B4939425-38AE-43E2-92AA-1227DA19F5F3}.Release|Mixed Platforms.ActiveCfg = Release|Any CPU
		{B4939425-38AE-43E2-92AA-1227DA19F5F3}.Release|Mixed Platforms.Build.0 = Release|Any CPU
		{B4939425-38AE-43E2-92AA-1227DA19F5F3}.Release|x86.ActiveCfg = Release|Any CPU
		{B4939425-38AE-43E2-92AA-1227DA19F5F3}.Release|x86.Build.0 = Release|Any CPU
		{1FA7BE25-CC5B-4BA8-81D2-472E3617A1AD}.Debug|Any CPU.ActiveCfg = Debug|Any CPU
		{1FA7BE25-CC5B-4BA8-81D2-472E3617A1AD}.Debug|Any CPU.Build.0 = Debug|Any CPU
		{1FA7BE25-CC5B-4BA8-81D2-472E3617A1AD}.Debug|Mixed Platforms.ActiveCfg = Debug|Any CPU
		{1FA7BE25-CC5B-4BA8-81D2-472E3617A1AD}.Debug|Mixed Platforms.Build.0 = Debug|Any CPU
		{1FA7BE25-CC5B-4BA8-81D2-472E3617A1AD}.Debug|x86.ActiveCfg = Debug|Any CPU
		{1FA7BE25-CC5B-4BA8-81D2-472E3617A1AD}.Release|Any CPU.ActiveCfg = Release|Any CPU
		{1FA7BE25-CC5B-4BA8-81D2-472E3617A1AD}.Release|Any CPU.Build.0 = Release|Any CPU
		{1FA7BE25-CC5B-4BA8-81D2-472E3617A1AD}.Release|Mixed Platforms.ActiveCfg = Release|Any CPU
		{1FA7BE25-CC5B-4BA8-81D2-472E3617A1AD}.Release|Mixed Platforms.Build.0 = Release|Any CPU
		{1FA7BE25-CC5B-4BA8-81D2-472E3617A1AD}.Release|x86.ActiveCfg = Release|Any CPU
		{F2FD4F35-FE93-4573-9D6F-468DC8FA76CE}.Debug|Any CPU.ActiveCfg = Debug|Any CPU
		{F2FD4F35-FE93-4573-9D6F-468DC8FA76CE}.Debug|Any CPU.Build.0 = Debug|Any CPU
		{F2FD4F35-FE93-4573-9D6F-468DC8FA76CE}.Debug|Mixed Platforms.ActiveCfg = Debug|Any CPU
		{F2FD4F35-FE93-4573-9D6F-468DC8FA76CE}.Debug|Mixed Platforms.Build.0 = Debug|Any CPU
		{F2FD4F35-FE93-4573-9D6F-468DC8FA76CE}.Debug|x86.ActiveCfg = Debug|Any CPU
		{F2FD4F35-FE93-4573-9D6F-468DC8FA76CE}.Release|Any CPU.ActiveCfg = Release|Any CPU
		{F2FD4F35-FE93-4573-9D6F-468DC8FA76CE}.Release|Any CPU.Build.0 = Release|Any CPU
		{F2FD4F35-FE93-4573-9D6F-468DC8FA76CE}.Release|Mixed Platforms.ActiveCfg = Release|Any CPU
		{F2FD4F35-FE93-4573-9D6F-468DC8FA76CE}.Release|Mixed Platforms.Build.0 = Release|Any CPU
		{F2FD4F35-FE93-4573-9D6F-468DC8FA76CE}.Release|x86.ActiveCfg = Release|Any CPU
	EndGlobalSection
	GlobalSection(SolutionProperties) = preSolution
		HideSolutionNode = FALSE
	EndGlobalSection
EndGlobal
