
Microsoft Visual Studio Solution File, Format Version 12.00
# Visual Studio 11
Project("{E24C65DC-7377-472B-9ABA-BC803B73C61A}") = "VS11Website", "http://localhost:39584", "{162E5DC2-D5DF-404C-9374-63DA353B6145}"
	ProjectSection(WebsiteProperties) = preProject
		Debug.AspNetCompiler.Debug = "True"
		Debug.AspNetCompiler.FixedNames = "false"
		Debug.AspNetCompiler.ForceOverwrite = "true"
		Debug.AspNetCompiler.PhysicalPath = "e:\temp\VS11Website\"
		Debug.AspNetCompiler.TargetPath = "PrecompiledWeb\localhost_39584\"
		Debug.AspNetCompiler.Updateable = "true"
		Debug.AspNetCompiler.VirtualPath = "/localhost_39584"
		DefaultWebSiteLanguage = "Visual C#"
		Release.AspNetCompiler.Debug = "False"
		Release.AspNetCompiler.FixedNames = "false"
		Release.AspNetCompiler.ForceOverwrite = "true"
		Release.AspNetCompiler.PhysicalPath = "e:\temp\VS11Website\"
		Release.AspNetCompiler.TargetPath = "PrecompiledWeb\localhost_39584\"
		Release.AspNetCompiler.Updateable = "true"
		Release.AspNetCompiler.VirtualPath = "/localhost_39584"
		SlnRelativePath = "e:\temp\VS11Website\"
		TargetFrameworkMoniker = ".NETFramework,Version%3Dv4.5"
		UseIISExpress = "true"
	EndProjectSection
EndProject
Global
	GlobalSection(SolutionConfigurationPlatforms) = preSolution
		Debug|Any CPU = Debug|Any CPU
	EndGlobalSection
	GlobalSection(ProjectConfigurationPlatforms) = postSolution
		{162E5DC2-D5DF-404C-9374-63DA353B6145}.Debug|Any CPU.ActiveCfg = Debug|Any CPU
		{162E5DC2-D5DF-404C-9374-63DA353B6145}.Debug|Any CPU.Build.0 = Debug|Any CPU
	EndGlobalSection
	GlobalSection(SolutionProperties) = preSolution
		HideSolutionNode = FALSE
	EndGlobalSection
EndGlobal
