
Microsoft Visual Studio Solution File, Format Version 11.00
# Visual Studio 2010
Project("{FAE04EC0-301F-11D3-BF4B-00C04F79EFBC}") = "SystemCoreReferenced", "SystemCoreReferenced\SystemCoreReferenced.csproj", "{36BC06FD-B738-47D5-85B4-B450D0235798}"
EndProject
Project("{FAE04EC0-301F-11D3-BF4B-00C04F79EFBC}") = "SystemCoreNotReferenced_ImplicitAllowed", "SystemCoreNotReferenced_ImplicitAllowed\SystemCoreNotReferenced_ImplicitAllowed.csproj", "{0BF02FB0-54DD-4990-B762-3C456DAE8163}"
EndProject
Project("{FAE04EC0-301F-11D3-BF4B-00C04F79EFBC}") = "SystemCoreNotReferenced_ImplicitNotAllo", "SystemCoreNotReferenced_ImplicitNotAllo\SystemCoreNotReferenced_ImplicitNotAllo.csproj", "{60204BF6-60E4-4202-94B5-F2C64F75B7E1}"
EndProject
Project("{FAE04EC0-301F-11D3-BF4B-00C04F79EFBC}") = "NotDefaultImplicitReference", "NotDefaultImplicitReference\NotDefaultImplicitReference.csproj", "{A94B86DE-5D8B-4D31-808E-5B6D75754850}"
EndProject
Global
	GlobalSection(SolutionConfigurationPlatforms) = preSolution
		Debug|Any CPU = Debug|Any CPU
		Release|Any CPU = Release|Any CPU
	EndGlobalSection
	GlobalSection(ProjectConfigurationPlatforms) = postSolution
		{36BC06FD-B738-47D5-85B4-B450D0235798}.Debug|Any CPU.ActiveCfg = Debug|Any CPU
		{36BC06FD-B738-47D5-85B4-B450D0235798}.Debug|Any CPU.Build.0 = Debug|Any CPU
		{36BC06FD-B738-47D5-85B4-B450D0235798}.Release|Any CPU.ActiveCfg = Release|Any CPU
		{36BC06FD-B738-47D5-85B4-B450D0235798}.Release|Any CPU.Build.0 = Release|Any CPU
		{0BF02FB0-54DD-4990-B762-3C456DAE8163}.Debug|Any CPU.ActiveCfg = Debug|Any CPU
		{0BF02FB0-54DD-4990-B762-3C456DAE8163}.Debug|Any CPU.Build.0 = Debug|Any CPU
		{0BF02FB0-54DD-4990-B762-3C456DAE8163}.Release|Any CPU.ActiveCfg = Release|Any CPU
		{0BF02FB0-54DD-4990-B762-3C456DAE8163}.Release|Any CPU.Build.0 = Release|Any CPU
		{60204BF6-60E4-4202-94B5-F2C64F75B7E1}.Debug|Any CPU.ActiveCfg = Debug|Any CPU
		{60204BF6-60E4-4202-94B5-F2C64F75B7E1}.Debug|Any CPU.Build.0 = Debug|Any CPU
		{60204BF6-60E4-4202-94B5-F2C64F75B7E1}.Release|Any CPU.ActiveCfg = Release|Any CPU
		{60204BF6-60E4-4202-94B5-F2C64F75B7E1}.Release|Any CPU.Build.0 = Release|Any CPU
		{A94B86DE-5D8B-4D31-808E-5B6D75754850}.Debug|Any CPU.ActiveCfg = Debug|Any CPU
		{A94B86DE-5D8B-4D31-808E-5B6D75754850}.Debug|Any CPU.Build.0 = Debug|Any CPU
		{A94B86DE-5D8B-4D31-808E-5B6D75754850}.Release|Any CPU.ActiveCfg = Release|Any CPU
		{A94B86DE-5D8B-4D31-808E-5B6D75754850}.Release|Any CPU.Build.0 = Release|Any CPU
	EndGlobalSection
	GlobalSection(SolutionProperties) = preSolution
		HideSolutionNode = FALSE
	EndGlobalSection
EndGlobal
