
Microsoft Visual Studio Solution File, Format Version 10.00
# Visual Studio 2008
Project("{FAE04EC0-301F-11D3-BF4B-00C04F79EFBC}") = "SystemCoreReferenced", "SystemCoreReferenced\SystemCoreReferenced.csproj", "{FF9B28EF-96AF-4870-ACCB-AB1757588E88}"
EndProject
Project("{FAE04EC0-301F-11D3-BF4B-00C04F79EFBC}") = "SystemCoreNotReferenced", "SystemCoreNotReferenced\SystemCoreNotReferenced.csproj", "{3C673D39-4FFC-44C7-BA4C-E2E87E0E29E8}"
EndProject
Global
	GlobalSection(SolutionConfigurationPlatforms) = preSolution
		Debug|Any CPU = Debug|Any CPU
		Release|Any CPU = Release|Any CPU
	EndGlobalSection
	GlobalSection(ProjectConfigurationPlatforms) = postSolution
		{FF9B28EF-96AF-4870-ACCB-AB1757588E88}.Debug|Any CPU.ActiveCfg = Debug|Any CPU
		{FF9B28EF-96AF-4870-ACCB-AB1757588E88}.Debug|Any CPU.Build.0 = Debug|Any CPU
		{FF9B28EF-96AF-4870-ACCB-AB1757588E88}.Release|Any CPU.ActiveCfg = Release|Any CPU
		{FF9B28EF-96AF-4870-ACCB-AB1757588E88}.Release|Any CPU.Build.0 = Release|Any CPU
		{3C673D39-4FFC-44C7-BA4C-E2E87E0E29E8}.Debug|Any CPU.ActiveCfg = Debug|Any CPU
		{3C673D39-4FFC-44C7-BA4C-E2E87E0E29E8}.Debug|Any CPU.Build.0 = Debug|Any CPU
		{3C673D39-4FFC-44C7-BA4C-E2E87E0E29E8}.Release|Any CPU.ActiveCfg = Release|Any CPU
		{3C673D39-4FFC-44C7-BA4C-E2E87E0E29E8}.Release|Any CPU.Build.0 = Release|Any CPU
	EndGlobalSection
	GlobalSection(SolutionProperties) = preSolution
		HideSolutionNode = FALSE
	EndGlobalSection
EndGlobal
