
Microsoft Visual Studio Solution File, Format Version 11.00
# Visual Studio 2010
Project("{E24C65DC-7377-472B-9ABA-BC803B73C61A}") = "WebSite2", "..\..\WebSites\WebSite2\", "{14F5778F-27A3-45B1-81FE-BC6CE7E74407}"
	ProjectSection(WebsiteProperties) = preProject
		TargetFrameworkMoniker = ".NETFramework,Version%3Dv3.5"
		ProjectReferences = "{1202E136-6998-4DDE-A291-BBCB897C4843}|ClassLibrary1.dll;"
		Debug.AspNetCompiler.VirtualPath = "/WebSite2"
		Debug.AspNetCompiler.PhysicalPath = "..\..\WebSites\WebSite2\"
		Debug.AspNetCompiler.TargetPath = "PrecompiledWeb\WebSite2\"
		Debug.AspNetCompiler.Updateable = "true"
		Debug.AspNetCompiler.ForceOverwrite = "true"
		Debug.AspNetCompiler.FixedNames = "false"
		Debug.AspNetCompiler.Debug = "True"
		Release.AspNetCompiler.VirtualPath = "/WebSite2"
		Release.AspNetCompiler.PhysicalPath = "..\..\WebSites\WebSite2\"
		Release.AspNetCompiler.TargetPath = "PrecompiledWeb\WebSite2\"
		Release.AspNetCompiler.Updateable = "true"
		Release.AspNetCompiler.ForceOverwrite = "true"
		Release.AspNetCompiler.FixedNames = "false"
		Release.AspNetCompiler.Debug = "False"
		VWDPort = "54873"
		DefaultWebSiteLanguage = "Visual C#"
		ProjOutputReferences = ""
	EndProjectSection
EndProject
Project("{FAE04EC0-301F-11D3-BF4B-00C04F79EFBC}") = "ClassLibrary1", "ClassLibrary1\ClassLibrary1.csproj", "{1202E136-6998-4DDE-A291-BBCB897C4843}"
EndProject
Global
	GlobalSection(SolutionConfigurationPlatforms) = preSolution
		Debug|Any CPU = Debug|Any CPU
		Debug|Mixed Platforms = Debug|Mixed Platforms
		Debug|x86 = Debug|x86
		Release|Any CPU = Release|Any CPU
		Release|Mixed Platforms = Release|Mixed Platforms
		Release|x86 = Release|x86
	EndGlobalSection
	GlobalSection(ProjectConfigurationPlatforms) = postSolution
		{14F5778F-27A3-45B1-81FE-BC6CE7E74407}.Debug|Any CPU.ActiveCfg = Debug|Any CPU
		{14F5778F-27A3-45B1-81FE-BC6CE7E74407}.Debug|Any CPU.Build.0 = Debug|Any CPU
		{14F5778F-27A3-45B1-81FE-BC6CE7E74407}.Debug|Mixed Platforms.ActiveCfg = Debug|Any CPU
		{14F5778F-27A3-45B1-81FE-BC6CE7E74407}.Debug|Mixed Platforms.Build.0 = Debug|Any CPU
		{14F5778F-27A3-45B1-81FE-BC6CE7E74407}.Debug|x86.ActiveCfg = Debug|Any CPU
		{14F5778F-27A3-45B1-81FE-BC6CE7E74407}.Release|Any CPU.ActiveCfg = Debug|Any CPU
		{14F5778F-27A3-45B1-81FE-BC6CE7E74407}.Release|Any CPU.Build.0 = Debug|Any CPU
		{14F5778F-27A3-45B1-81FE-BC6CE7E74407}.Release|Mixed Platforms.ActiveCfg = Debug|Any CPU
		{14F5778F-27A3-45B1-81FE-BC6CE7E74407}.Release|Mixed Platforms.Build.0 = Debug|Any CPU
		{14F5778F-27A3-45B1-81FE-BC6CE7E74407}.Release|x86.ActiveCfg = Debug|Any CPU
		{1202E136-6998-4DDE-A291-BBCB897C4843}.Debug|Any CPU.ActiveCfg = Debug|Any CPU
		{1202E136-6998-4DDE-A291-BBCB897C4843}.Debug|Any CPU.Build.0 = Debug|Any CPU
		{1202E136-6998-4DDE-A291-BBCB897C4843}.Debug|Mixed Platforms.ActiveCfg = Debug|Any CPU
		{1202E136-6998-4DDE-A291-BBCB897C4843}.Debug|Mixed Platforms.Build.0 = Debug|Any CPU
		{1202E136-6998-4DDE-A291-BBCB897C4843}.Debug|x86.ActiveCfg = Debug|Any CPU
		{1202E136-6998-4DDE-A291-BBCB897C4843}.Release|Any CPU.ActiveCfg = Release|Any CPU
		{1202E136-6998-4DDE-A291-BBCB897C4843}.Release|Any CPU.Build.0 = Release|Any CPU
		{1202E136-6998-4DDE-A291-BBCB897C4843}.Release|Mixed Platforms.ActiveCfg = Release|Any CPU
		{1202E136-6998-4DDE-A291-BBCB897C4843}.Release|Mixed Platforms.Build.0 = Release|Any CPU
		{1202E136-6998-4DDE-A291-BBCB897C4843}.Release|x86.ActiveCfg = Release|Any CPU
	EndGlobalSection
	GlobalSection(SolutionProperties) = preSolution
		HideSolutionNode = FALSE
	EndGlobalSection
EndGlobal
